
Microsoft Visual Studio Solution File, Format Version 12.00
# Visual Studio Version 17
VisualStudioVersion = 17.0.32014.148
MinimumVisualStudioVersion = 10.0.40219.1
Project("{2150E333-8FDC-42A3-9474-1A3956D46DE8}") = "Common", "Common", "{01DE2107-5A3C-4D88-AC9F-724E780C578F}"
	ProjectSection(SolutionItems) = preProject
		Common\cyberdefense-service.proto = Common\cyberdefense-service.proto
	EndProjectSection
EndProject
Project("{9A19103F-16F7-4668-BE54-9A1E7A4F7556}") = "ScoringEngine.Server", "ScoringEngine.Server\ScoringEngine.Server.csproj", "{556BE545-D7C0-481B-8EC7-E7BAF822D9C2}"
EndProject
Project("{9A19103F-16F7-4668-BE54-9A1E7A4F7556}") = "ScoringEngine.Client", "ScoringEngine.Client\ScoringEngine.Client.csproj", "{03775D5D-0E05-45F6-9D36-4F8722F6FA96}"
EndProject
Project("{2150E333-8FDC-42A3-9474-1A3956D46DE8}") = "Solution Items", "Solution Items", "{AAB563C9-7B30-48BC-8240-0BE463AEFFB7}"
	ProjectSection(SolutionItems) = preProject
		.gitignore = .gitignore
		docker-compose.dev.yml = docker-compose.dev.yml
		README.org = README.org
	EndProjectSection
EndProject
Project("{9A19103F-16F7-4668-BE54-9A1E7A4F7556}") = "ScoringEngine.Models", "ScoringEngine.Models\ScoringEngine.Models.csproj", "{ADAD4C4E-E6BA-44D3-860F-A8C619495D7F}"
EndProject
Global
	GlobalSection(SolutionConfigurationPlatforms) = preSolution
		Debug|Any CPU = Debug|Any CPU
		Release|Any CPU = Release|Any CPU
	EndGlobalSection
	GlobalSection(ProjectConfigurationPlatforms) = postSolution
		{556BE545-D7C0-481B-8EC7-E7BAF822D9C2}.Debug|Any CPU.ActiveCfg = Debug|Any CPU
		{556BE545-D7C0-481B-8EC7-E7BAF822D9C2}.Debug|Any CPU.Build.0 = Debug|Any CPU
		{556BE545-D7C0-481B-8EC7-E7BAF822D9C2}.Release|Any CPU.ActiveCfg = Release|Any CPU
		{556BE545-D7C0-481B-8EC7-E7BAF822D9C2}.Release|Any CPU.Build.0 = Release|Any CPU
		{03775D5D-0E05-45F6-9D36-4F8722F6FA96}.Debug|Any CPU.ActiveCfg = Debug|Any CPU
		{03775D5D-0E05-45F6-9D36-4F8722F6FA96}.Debug|Any CPU.Build.0 = Debug|Any CPU
		{03775D5D-0E05-45F6-9D36-4F8722F6FA96}.Release|Any CPU.ActiveCfg = Release|Any CPU
		{03775D5D-0E05-45F6-9D36-4F8722F6FA96}.Release|Any CPU.Build.0 = Release|Any CPU
		{ADAD4C4E-E6BA-44D3-860F-A8C619495D7F}.Debug|Any CPU.ActiveCfg = Debug|Any CPU
		{ADAD4C4E-E6BA-44D3-860F-A8C619495D7F}.Debug|Any CPU.Build.0 = Debug|Any CPU
		{ADAD4C4E-E6BA-44D3-860F-A8C619495D7F}.Release|Any CPU.ActiveCfg = Release|Any CPU
		{ADAD4C4E-E6BA-44D3-860F-A8C619495D7F}.Release|Any CPU.Build.0 = Release|Any CPU
	EndGlobalSection
	GlobalSection(SolutionProperties) = preSolution
		HideSolutionNode = FALSE
	EndGlobalSection
	GlobalSection(NestedProjects) = preSolution
		{ADAD4C4E-E6BA-44D3-860F-A8C619495D7F} = {01DE2107-5A3C-4D88-AC9F-724E780C578F}
	EndGlobalSection
	GlobalSection(ExtensibilityGlobals) = postSolution
		SolutionGuid = {8020CE89-1E9D-4C34-8A9B-26C2BC790E7E}
	EndGlobalSection
EndGlobal
